
Microsoft Visual Studio Solution File, Format Version 12.00
# Visual Studio Version 16
VisualStudioVersion = 16.0.29806.167
MinimumVisualStudioVersion = 10.0.40219.1
Project("{39E2626F-3545-4960-A6E8-258AD8476CE5}") = "CppCamera", "CppCamera\CppCamera.androidproj", "{7F83C401-A0AA-4753-937B-55ECABEA2471}"
EndProject
Global
	GlobalSection(SolutionConfigurationPlatforms) = preSolution
		Debug|ARM = Debug|ARM
		Debug|ARM64 = Debug|ARM64
		Debug|x64 = Debug|x64
		Debug|x86 = Debug|x86
		Release|ARM = Release|ARM
		Release|ARM64 = Release|ARM64
		Release|x64 = Release|x64
		Release|x86 = Release|x86
	EndGlobalSection
	GlobalSection(ProjectConfigurationPlatforms) = postSolution
		{7F83C401-A0AA-4753-937B-55ECABEA2471}.Debug|ARM.ActiveCfg = Debug|ARM
		{7F83C401-A0AA-4753-937B-55ECABEA2471}.Debug|ARM.Build.0 = Debug|ARM
		{7F83C401-A0AA-4753-937B-55ECABEA2471}.Debug|ARM64.ActiveCfg = Debug|ARM64
		{7F83C401-A0AA-4753-937B-55ECABEA2471}.Debug|ARM64.Build.0 = Debug|ARM64
		{7F83C401-A0AA-4753-937B-55ECABEA2471}.Debug|x64.ActiveCfg = Debug|x64
		{7F83C401-A0AA-4753-937B-55ECABEA2471}.Debug|x64.Build.0 = Debug|x64
		{7F83C401-A0AA-4753-937B-55ECABEA2471}.Debug|x86.ActiveCfg = Debug|x86
		{7F83C401-A0AA-4753-937B-55ECABEA2471}.Debug|x86.Build.0 = Debug|x86
		{7F83C401-A0AA-4753-937B-55ECABEA2471}.Release|ARM.ActiveCfg = Release|ARM
		{7F83C401-A0AA-4753-937B-55ECABEA2471}.Release|ARM.Build.0 = Release|ARM
		{7F83C401-A0AA-4753-937B-55ECABEA2471}.Release|ARM64.ActiveCfg = Release|ARM64
		{7F83C401-A0AA-4753-937B-55ECABEA2471}.Release|ARM64.Build.0 = Release|ARM64
		{7F83C401-A0AA-4753-937B-55ECABEA2471}.Release|x64.ActiveCfg = Release|x64
		{7F83C401-A0AA-4753-937B-55ECABEA2471}.Release|x64.Build.0 = Release|x64
		{7F83C401-A0AA-4753-937B-55ECABEA2471}.Release|x86.ActiveCfg = Release|x86
		{7F83C401-A0AA-4753-937B-55ECABEA2471}.Release|x86.Build.0 = Release|x86
	EndGlobalSection
	GlobalSection(SolutionProperties) = preSolution
		HideSolutionNode = FALSE
	EndGlobalSection
	GlobalSection(ExtensibilityGlobals) = postSolution
		SolutionGuid = {73834711-B082-40C2-BF31-DDB3495778DA}
	EndGlobalSection
EndGlobal
